
Microsoft Visual Studio Solution File, Format Version 12.00
# Visual Studio 15
VisualStudioVersion = 15.0.26430.4
MinimumVisualStudioVersion = 10.0.40219.1
Project("{9A19103F-16F7-4668-BE54-9A1E7A4F7556}") = "bd.webappcompartido.entidades", "bd.webappcompartido.entidades\bd.webappcompartido.entidades.csproj", "{6F8ADCDA-15DA-4327-9DCF-013A697F14A3}"
EndProject
Project("{9A19103F-16F7-4668-BE54-9A1E7A4F7556}") = "bd.sw.externos", "bd.webappcompartido.externos\bd.sw.externos.csproj", "{238ED73C-EDF7-46E3-8805-3A4270BA2EA1}"
EndProject
Project("{9A19103F-16F7-4668-BE54-9A1E7A4F7556}") = "bd.webappcompartido.servicios", "bd.webappcompartido.servicios\bd.webappcompartido.servicios.csproj", "{6AF6F430-B1BE-42BD-9ADF-18BEFF941FF6}"
EndProject
Global
	GlobalSection(SolutionConfigurationPlatforms) = preSolution
		Debug|Any CPU = Debug|Any CPU
		Release|Any CPU = Release|Any CPU
	EndGlobalSection
	GlobalSection(ProjectConfigurationPlatforms) = postSolution
		{6F8ADCDA-15DA-4327-9DCF-013A697F14A3}.Debug|Any CPU.ActiveCfg = Debug|Any CPU
		{6F8ADCDA-15DA-4327-9DCF-013A697F14A3}.Debug|Any CPU.Build.0 = Debug|Any CPU
		{6F8ADCDA-15DA-4327-9DCF-013A697F14A3}.Release|Any CPU.ActiveCfg = Release|Any CPU
		{6F8ADCDA-15DA-4327-9DCF-013A697F14A3}.Release|Any CPU.Build.0 = Release|Any CPU
		{238ED73C-EDF7-46E3-8805-3A4270BA2EA1}.Debug|Any CPU.ActiveCfg = Debug|Any CPU
		{238ED73C-EDF7-46E3-8805-3A4270BA2EA1}.Debug|Any CPU.Build.0 = Debug|Any CPU
		{238ED73C-EDF7-46E3-8805-3A4270BA2EA1}.Release|Any CPU.ActiveCfg = Release|Any CPU
		{238ED73C-EDF7-46E3-8805-3A4270BA2EA1}.Release|Any CPU.Build.0 = Release|Any CPU
		{6AF6F430-B1BE-42BD-9ADF-18BEFF941FF6}.Debug|Any CPU.ActiveCfg = Debug|Any CPU
		{6AF6F430-B1BE-42BD-9ADF-18BEFF941FF6}.Debug|Any CPU.Build.0 = Debug|Any CPU
		{6AF6F430-B1BE-42BD-9ADF-18BEFF941FF6}.Release|Any CPU.ActiveCfg = Release|Any CPU
		{6AF6F430-B1BE-42BD-9ADF-18BEFF941FF6}.Release|Any CPU.Build.0 = Release|Any CPU
	EndGlobalSection
	GlobalSection(SolutionProperties) = preSolution
		HideSolutionNode = FALSE
	EndGlobalSection
EndGlobal
